
Microsoft Visual Studio Solution File, Format Version 12.00
# Visual Studio Version 17
VisualStudioVersion = 17.8.34322.80
MinimumVisualStudioVersion = 10.0.40219.1
Project("{FAE04EC0-301F-11D3-BF4B-00C04F79EFBC}") = "ItlaTvPlus", "ItlaTvPlus\ItlaTvPlus.csproj", "{61340E43-D394-4EB2-B02D-F6D3F679F9B5}"
EndProject
Project("{FAE04EC0-301F-11D3-BF4B-00C04F79EFBC}") = "Database", "Database\Database.csproj", "{0BAEEBE2-7C53-4D36-889A-8C2C3962A7BC}"
EndProject
Project("{FAE04EC0-301F-11D3-BF4B-00C04F79EFBC}") = "Application", "Application\Application.csproj", "{39C13927-85EC-486E-B63E-034E70FAB643}"
EndProject
Global
	GlobalSection(SolutionConfigurationPlatforms) = preSolution
		Debug|Any CPU = Debug|Any CPU
		Release|Any CPU = Release|Any CPU
	EndGlobalSection
	GlobalSection(ProjectConfigurationPlatforms) = postSolution
		{61340E43-D394-4EB2-B02D-F6D3F679F9B5}.Debug|Any CPU.ActiveCfg = Debug|Any CPU
		{61340E43-D394-4EB2-B02D-F6D3F679F9B5}.Debug|Any CPU.Build.0 = Debug|Any CPU
		{61340E43-D394-4EB2-B02D-F6D3F679F9B5}.Release|Any CPU.ActiveCfg = Release|Any CPU
		{61340E43-D394-4EB2-B02D-F6D3F679F9B5}.Release|Any CPU.Build.0 = Release|Any CPU
		{0BAEEBE2-7C53-4D36-889A-8C2C3962A7BC}.Debug|Any CPU.ActiveCfg = Debug|Any CPU
		{0BAEEBE2-7C53-4D36-889A-8C2C3962A7BC}.Debug|Any CPU.Build.0 = Debug|Any CPU
		{0BAEEBE2-7C53-4D36-889A-8C2C3962A7BC}.Release|Any CPU.ActiveCfg = Release|Any CPU
		{0BAEEBE2-7C53-4D36-889A-8C2C3962A7BC}.Release|Any CPU.Build.0 = Release|Any CPU
		{39C13927-85EC-486E-B63E-034E70FAB643}.Debug|Any CPU.ActiveCfg = Debug|Any CPU
		{39C13927-85EC-486E-B63E-034E70FAB643}.Debug|Any CPU.Build.0 = Debug|Any CPU
		{39C13927-85EC-486E-B63E-034E70FAB643}.Release|Any CPU.ActiveCfg = Release|Any CPU
		{39C13927-85EC-486E-B63E-034E70FAB643}.Release|Any CPU.Build.0 = Release|Any CPU
	EndGlobalSection
	GlobalSection(SolutionProperties) = preSolution
		HideSolutionNode = FALSE
	EndGlobalSection
	GlobalSection(ExtensibilityGlobals) = postSolution
		SolutionGuid = {56C2B544-507E-40C2-B6BA-15CFDB5CCBF8}
	EndGlobalSection
EndGlobal
